github.com/Sirupsen/logrus v0.7.4-0.20150423025312-26709e271410 h1:d/ZtqrtZPDRwhgOKHK6jan4q514iD9nFchjkXNjh6k0=
github.com/Sirupsen/logrus v0.7.4-0.20150423025312-26709e271410/go.mod h1:rmk17hk6i8ZSAJkSDa7nOxamrG+SP4P0mm+DAvExv4U=
github.com/codegangsta/cli v1.7.1-0.20150510184554-942282e931e8 h1:U8yEzI3HKd9jGghyD8w2WQ2mGKgIH0KDrwdHgPSOEBA=
github.com/codegangsta/cli v1.7.1-0.20150510184554-942282e931e8/go.mod h1:/qJNoX69yVSKu5o4jLyXAENLRyk1uhi7zkbQ3slBdOA=
github.com/coreos/go-systemd v0.0.0-20140503193739-f743bc15d6bd h1:h0Hgt5wEZvNOw99WouiRiOgW6FBJ/jfh0P7Q7++VNoA=
github.com/coreos/go-systemd v0.0.0-20140503193739-f743bc15d6bd/go.mod h1:F5haX7vjVVG0kc13fIWeqUViNPyEJxv/OmvnBo0Yme4=
github.com/davecgh/go-spew v1.1.0 h1:ZDRjVQ15GmhC3fiQ8ni8+OwkZQO4DARzQgrnXU1Liz8=
github.com/davecgh/go-spew v1.1.0/go.mod h1:J7Y8YcW2NihsgmVo/mv3lAwl/skON4iLHjSsI+c5H38=
github.com/docker/docker v1.4.2-0.20150616001344-b81f2ee5f20d h1:jI3x4CVE/ILBmBu/ZfCiuoZIR+cLIkApqD5r+qQ4XBU=
github.com/docker/docker v1.4.2-0.20150616001344-b81f2ee5f20d/go.mod h1:eEKB0N0r5NX/I1kEveEz05bcu8tLC/8azJZsviup8Sk=
github.com/godbus/dbus v0.0.0-20150122180251-88765d85c0fd h1:3nINKYcozWfWwcuSmB6hDugD+BpQDz6jBsT9OIuu884=
github.com/godbus/dbus v0.0.0-20150122180251-88765d85c0fd/go.mod h1:/YcGZj5zSblfDWMMoOzV4fas9FZnQYTkDnsGvmh2Grw=
github.com/golang/protobuf v0.0.0-20150316215550-f7137ae6b19a h1:59dypPPktAnZaiZRE1mmon0k8oV4/jSjDw5NcBcwNs4=
github.com/golang/protobuf v0.0.0-20150316215550-f7137ae6b19a/go.mod h1:6lQm79b+lXiMfvg/cZm0SGofjICqVBUtrP5yJMmIC1U=
github.com/opencontainers/specs v0.0.0-20150708174851-08873003592d h1:RG+FMb36LIH3T9ylmfCa9K7iwQDAqMuf8WhPOpAKccw=
github.com/opencontainers/specs v0.0.0-20150708174851-08873003592d/go.mod h1:bfATBL+Vm2NxrM/Y/nmJaR+k3fR3SRg9kgbrzBbCYpI=
github.com/pmezard/go-difflib v1.0.0 h1:4DBwDE0NGyQoBHbLQYPwSUPoCMWR5BEzIk/f1lZbAQM=
github.com/pmezard/go-difflib v1.0.0/go.mod h1:iKH77koFhYxTK1pcRnkKkqfTogsbg7gZNVY4sRDYZ/4=
github.com/stretchr/objx v0.1.0/go.mod h1:HFkY916IF+rwdDfMAkV7OtwuqBVzrE8GR6GFx+wExME=
github.com/stretchr/testify v1.7.0 h1:nwc3DEeHmmLAfoZucVR881uASk0Mfjw8xYJ99tb5CcY=
github.com/stretchr/testify v1.7.0/go.mod h1:6Fq8oRcR53rry900zMqJjRRixrwX3KX962/h/Wwjteg=
github.com/syndtr/gocapability v0.0.0-20150218141752-e55e5833692b h1:dDhiJCFSbKyQ1fOppkKLMbois2waMOrHSLMmIveclQQ=
github.com/syndtr/gocapability v0.0.0-20150218141752-e55e5833692b/go.mod h1:hkRG7XYTFWNJGYcbNJQlaLq0fg1yr4J4t/NcTQtrfww=
gopkg.in/check.v1 v0.0.0-20161208181325-20d25e280405/go.mod h1:Co6ibVJAznAaIkqp8huTwlJQCZ016jof/cbN4VW5Yz0=
gopkg.in/yaml.v3 v3.0.0-20200313102051-9f266ea9e77c h1:dUUwHk2QECo/6vqA44rthZ8ie2QXMNeKRTHCNY2nXvo=
gopkg.in/yaml.v3 v3.0.0-20200313102051-9f266ea9e77c/go.mod h1:K4uyk7z7BCEPqu6E+C64Yfv1cQ7kz7rIZviUmN+EgEM=
